
Microsoft Visual Studio Solution File, Format Version 12.00
# Visual Studio 14
VisualStudioVersion = 14.0.22310.1
MinimumVisualStudioVersion = 10.0.40219.1
Project("{FAE04EC0-301F-11D3-BF4B-00C04F79EFBC}") = "PhoneBook", "ContactList\PhoneBook.csproj", "{0893A4AD-EFF2-42B5-90C3-19B489D1F813}"
EndProject
Project("{FAE04EC0-301F-11D3-BF4B-00C04F79EFBC}") = "UnitTest", "UnitTest\UnitTest.csproj", "{32C878AB-60C0-48AB-86D7-DD5257E9772B}"
EndProject
Project("{FAE04EC0-301F-11D3-BF4B-00C04F79EFBC}") = "ContactListLibrary", "ContactListLibrary\ContactListLibrary.csproj", "{498F1766-A3CD-4261-B07A-457EEC000BE5}"
EndProject
Global
	GlobalSection(SolutionConfigurationPlatforms) = preSolution
		Debug|Any CPU = Debug|Any CPU
		Release|Any CPU = Release|Any CPU
	EndGlobalSection
	GlobalSection(ProjectConfigurationPlatforms) = postSolution
		{0893A4AD-EFF2-42B5-90C3-19B489D1F813}.Debug|Any CPU.ActiveCfg = Debug|Any CPU
		{0893A4AD-EFF2-42B5-90C3-19B489D1F813}.Debug|Any CPU.Build.0 = Debug|Any CPU
		{0893A4AD-EFF2-42B5-90C3-19B489D1F813}.Release|Any CPU.ActiveCfg = Release|Any CPU
		{0893A4AD-EFF2-42B5-90C3-19B489D1F813}.Release|Any CPU.Build.0 = Release|Any CPU
		{32C878AB-60C0-48AB-86D7-DD5257E9772B}.Debug|Any CPU.ActiveCfg = Debug|Any CPU
		{32C878AB-60C0-48AB-86D7-DD5257E9772B}.Debug|Any CPU.Build.0 = Debug|Any CPU
		{32C878AB-60C0-48AB-86D7-DD5257E9772B}.Release|Any CPU.ActiveCfg = Release|Any CPU
		{32C878AB-60C0-48AB-86D7-DD5257E9772B}.Release|Any CPU.Build.0 = Release|Any CPU
		{498F1766-A3CD-4261-B07A-457EEC000BE5}.Debug|Any CPU.ActiveCfg = Debug|Any CPU
		{498F1766-A3CD-4261-B07A-457EEC000BE5}.Debug|Any CPU.Build.0 = Debug|Any CPU
		{498F1766-A3CD-4261-B07A-457EEC000BE5}.Release|Any CPU.ActiveCfg = Release|Any CPU
		{498F1766-A3CD-4261-B07A-457EEC000BE5}.Release|Any CPU.Build.0 = Release|Any CPU
	EndGlobalSection
	GlobalSection(SolutionProperties) = preSolution
		HideSolutionNode = FALSE
	EndGlobalSection
EndGlobal
